
Microsoft Visual Studio Solution File, Format Version 12.00
# Visual Studio Version 16
VisualStudioVersion = 16.0.31005.135
MinimumVisualStudioVersion = 10.0.40219.1
Project("{FAE04EC0-301F-11D3-BF4B-00C04F79EFBC}") = "DZ2", "DZ2\DZ2.csproj", "{4EB85EC1-177E-4D4F-B99C-36685B115DFC}"
EndProject
Global
	GlobalSection(SolutionConfigurationPlatforms) = preSolution
		Debug|Any CPU = Debug|Any CPU
		Release|Any CPU = Release|Any CPU
	EndGlobalSection
	GlobalSection(ProjectConfigurationPlatforms) = postSolution
		{4EB85EC1-177E-4D4F-B99C-36685B115DFC}.Debug|Any CPU.ActiveCfg = Debug|Any CPU
		{4EB85EC1-177E-4D4F-B99C-36685B115DFC}.Debug|Any CPU.Build.0 = Debug|Any CPU
		{4EB85EC1-177E-4D4F-B99C-36685B115DFC}.Release|Any CPU.ActiveCfg = Release|Any CPU
		{4EB85EC1-177E-4D4F-B99C-36685B115DFC}.Release|Any CPU.Build.0 = Release|Any CPU
	EndGlobalSection
	GlobalSection(SolutionProperties) = preSolution
		HideSolutionNode = FALSE
	EndGlobalSection
	GlobalSection(ExtensibilityGlobals) = postSolution
		SolutionGuid = {14502A4C-F934-4B6D-8FBD-143CFF485CEE}
	EndGlobalSection
EndGlobal
